
Microsoft Visual Studio Solution File, Format Version 12.00
# Visual Studio Version 17
VisualStudioVersion = 17.4.33213.308
MinimumVisualStudioVersion = 10.0.40219.1
Project("{FAE04EC0-301F-11D3-BF4B-00C04F79EFBC}") = "DapperWithApiNet7", "DapperWithApiNet7\DapperWithApiNet7.csproj", "{4D98680F-691A-4CD0-A22A-A759DCDAD73E}"
EndProject
Global
	GlobalSection(SolutionConfigurationPlatforms) = preSolution
		Debug|Any CPU = Debug|Any CPU
		Release|Any CPU = Release|Any CPU
	EndGlobalSection
	GlobalSection(ProjectConfigurationPlatforms) = postSolution
		{4D98680F-691A-4CD0-A22A-A759DCDAD73E}.Debug|Any CPU.ActiveCfg = Debug|Any CPU
		{4D98680F-691A-4CD0-A22A-A759DCDAD73E}.Debug|Any CPU.Build.0 = Debug|Any CPU
		{4D98680F-691A-4CD0-A22A-A759DCDAD73E}.Release|Any CPU.ActiveCfg = Release|Any CPU
		{4D98680F-691A-4CD0-A22A-A759DCDAD73E}.Release|Any CPU.Build.0 = Release|Any CPU
	EndGlobalSection
	GlobalSection(SolutionProperties) = preSolution
		HideSolutionNode = FALSE
	EndGlobalSection
	GlobalSection(ExtensibilityGlobals) = postSolution
		SolutionGuid = {7B297BBE-A352-460C-831C-5442B842C5DE}
	EndGlobalSection
EndGlobal
